
Microsoft Visual Studio Solution File, Format Version 12.00
# Visual Studio 15
VisualStudioVersion = 15.0.27130.2036
MinimumVisualStudioVersion = 10.0.40219.1
Project("{FAE04EC0-301F-11D3-BF4B-00C04F79EFBC}") = "App12.Android", "App12\App12.Android\App12.Android.csproj", "{87B64163-4149-4180-8B4C-2079074CAAEC}"
EndProject
Project("{FAE04EC0-301F-11D3-BF4B-00C04F79EFBC}") = "App12.iOS", "App12\App12.iOS\App12.iOS.csproj", "{959D3B56-CA77-4DB6-9DD6-D270BDDBC5B7}"
EndProject
Project("{FAE04EC0-301F-11D3-BF4B-00C04F79EFBC}") = "App12.UWP", "App12\App12.UWP\App12.UWP.csproj", "{7115F8AA-0D30-45D7-843C-EEF765BC77C1}"
EndProject
Project("{FAE04EC0-301F-11D3-BF4B-00C04F79EFBC}") = "App12", "App12\App12\App12.csproj", "{B777A37C-D873-4BCD-8F78-F8BE8BFE2C9D}"
EndProject
Global
	GlobalSection(SolutionConfigurationPlatforms) = preSolution
		Ad-Hoc|Any CPU = Ad-Hoc|Any CPU
		Ad-Hoc|ARM = Ad-Hoc|ARM
		Ad-Hoc|iPhone = Ad-Hoc|iPhone
		Ad-Hoc|iPhoneSimulator = Ad-Hoc|iPhoneSimulator
		Ad-Hoc|x64 = Ad-Hoc|x64
		Ad-Hoc|x86 = Ad-Hoc|x86
		AppStore|Any CPU = AppStore|Any CPU
		AppStore|ARM = AppStore|ARM
		AppStore|iPhone = AppStore|iPhone
		AppStore|iPhoneSimulator = AppStore|iPhoneSimulator
		AppStore|x64 = AppStore|x64
		AppStore|x86 = AppStore|x86
		Debug|Any CPU = Debug|Any CPU
		Debug|ARM = Debug|ARM
		Debug|iPhone = Debug|iPhone
		Debug|iPhoneSimulator = Debug|iPhoneSimulator
		Debug|x64 = Debug|x64
		Debug|x86 = Debug|x86
		Release|Any CPU = Release|Any CPU
		Release|ARM = Release|ARM
		Release|iPhone = Release|iPhone
		Release|iPhoneSimulator = Release|iPhoneSimulator
		Release|x64 = Release|x64
		Release|x86 = Release|x86
	EndGlobalSection
	GlobalSection(ProjectConfigurationPlatforms) = postSolution
		{87B64163-4149-4180-8B4C-2079074CAAEC}.Ad-Hoc|Any CPU.ActiveCfg = Release|Any CPU
		{87B64163-4149-4180-8B4C-2079074CAAEC}.Ad-Hoc|Any CPU.Build.0 = Release|Any CPU
		{87B64163-4149-4180-8B4C-2079074CAAEC}.Ad-Hoc|Any CPU.Deploy.0 = Release|Any CPU
		{87B64163-4149-4180-8B4C-2079074CAAEC}.Ad-Hoc|ARM.ActiveCfg = Release|Any CPU
		{87B64163-4149-4180-8B4C-2079074CAAEC}.Ad-Hoc|ARM.Build.0 = Release|Any CPU
		{87B64163-4149-4180-8B4C-2079074CAAEC}.Ad-Hoc|ARM.Deploy.0 = Release|Any CPU
		{87B64163-4149-4180-8B4C-2079074CAAEC}.Ad-Hoc|iPhone.ActiveCfg = Release|Any CPU
		{87B64163-4149-4180-8B4C-2079074CAAEC}.Ad-Hoc|iPhone.Build.0 = Release|Any CPU
		{87B64163-4149-4180-8B4C-2079074CAAEC}.Ad-Hoc|iPhone.Deploy.0 = Release|Any CPU
		{87B64163-4149-4180-8B4C-2079074CAAEC}.Ad-Hoc|iPhoneSimulator.ActiveCfg = Release|Any CPU
		{87B64163-4149-4180-8B4C-2079074CAAEC}.Ad-Hoc|iPhoneSimulator.Build.0 = Release|Any CPU
		{87B64163-4149-4180-8B4C-2079074CAAEC}.Ad-Hoc|iPhoneSimulator.Deploy.0 = Release|Any CPU
		{87B64163-4149-4180-8B4C-2079074CAAEC}.Ad-Hoc|x64.ActiveCfg = Release|Any CPU
		{87B64163-4149-4180-8B4C-2079074CAAEC}.Ad-Hoc|x64.Build.0 = Release|Any CPU
		{87B64163-4149-4180-8B4C-2079074CAAEC}.Ad-Hoc|x64.Deploy.0 = Release|Any CPU
		{87B64163-4149-4180-8B4C-2079074CAAEC}.Ad-Hoc|x86.ActiveCfg = Release|Any CPU
		{87B64163-4149-4180-8B4C-2079074CAAEC}.Ad-Hoc|x86.Build.0 = Release|Any CPU
		{87B64163-4149-4180-8B4C-2079074CAAEC}.Ad-Hoc|x86.Deploy.0 = Release|Any CPU
		{87B64163-4149-4180-8B4C-2079074CAAEC}.AppStore|Any CPU.ActiveCfg = Release|Any CPU
		{87B64163-4149-4180-8B4C-2079074CAAEC}.AppStore|Any CPU.Build.0 = Release|Any CPU
		{87B64163-4149-4180-8B4C-2079074CAAEC}.AppStore|Any CPU.Deploy.0 = Release|Any CPU
		{87B64163-4149-4180-8B4C-2079074CAAEC}.AppStore|ARM.ActiveCfg = Release|Any CPU
		{87B64163-4149-4180-8B4C-2079074CAAEC}.AppStore|ARM.Build.0 = Release|Any CPU
		{87B64163-4149-4180-8B4C-2079074CAAEC}.AppStore|ARM.Deploy.0 = Release|Any CPU
		{87B64163-4149-4180-8B4C-2079074CAAEC}.AppStore|iPhone.ActiveCfg = Release|Any CPU
		{87B64163-4149-4180-8B4C-2079074CAAEC}.AppStore|iPhone.Build.0 = Release|Any CPU
		{87B64163-4149-4180-8B4C-2079074CAAEC}.AppStore|iPhone.Deploy.0 = Release|Any CPU
		{87B64163-4149-4180-8B4C-2079074CAAEC}.AppStore|iPhoneSimulator.ActiveCfg = Release|Any CPU
		{87B64163-4149-4180-8B4C-2079074CAAEC}.AppStore|iPhoneSimulator.Build.0 = Release|Any CPU
		{87B64163-4149-4180-8B4C-2079074CAAEC}.AppStore|iPhoneSimulator.Deploy.0 = Release|Any CPU
		{87B64163-4149-4180-8B4C-2079074CAAEC}.AppStore|x64.ActiveCfg = Release|Any CPU
		{87B64163-4149-4180-8B4C-2079074CAAEC}.AppStore|x64.Build.0 = Release|Any CPU
		{87B64163-4149-4180-8B4C-2079074CAAEC}.AppStore|x64.Deploy.0 = Release|Any CPU
		{87B64163-4149-4180-8B4C-2079074CAAEC}.AppStore|x86.ActiveCfg = Release|Any CPU
		{87B64163-4149-4180-8B4C-2079074CAAEC}.AppStore|x86.Build.0 = Release|Any CPU
		{87B64163-4149-4180-8B4C-2079074CAAEC}.AppStore|x86.Deploy.0 = Release|Any CPU
		{87B64163-4149-4180-8B4C-2079074CAAEC}.Debug|Any CPU.ActiveCfg = Debug|Any CPU
		{87B64163-4149-4180-8B4C-2079074CAAEC}.Debug|Any CPU.Build.0 = Debug|Any CPU
		{87B64163-4149-4180-8B4C-2079074CAAEC}.Debug|Any CPU.Deploy.0 = Debug|Any CPU
		{87B64163-4149-4180-8B4C-2079074CAAEC}.Debug|ARM.ActiveCfg = Debug|Any CPU
		{87B64163-4149-4180-8B4C-2079074CAAEC}.Debug|ARM.Build.0 = Debug|Any CPU
		{87B64163-4149-4180-8B4C-2079074CAAEC}.Debug|ARM.Deploy.0 = Debug|Any CPU
		{87B64163-4149-4180-8B4C-2079074CAAEC}.Debug|iPhone.ActiveCfg = Debug|Any CPU
		{87B64163-4149-4180-8B4C-2079074CAAEC}.Debug|iPhone.Build.0 = Debug|Any CPU
		{87B64163-4149-4180-8B4C-2079074CAAEC}.Debug|iPhone.Deploy.0 = Debug|Any CPU
		{87B64163-4149-4180-8B4C-2079074CAAEC}.Debug|iPhoneSimulator.ActiveCfg = Debug|Any CPU
		{87B64163-4149-4180-8B4C-2079074CAAEC}.Debug|iPhoneSimulator.Build.0 = Debug|Any CPU
		{87B64163-4149-4180-8B4C-2079074CAAEC}.Debug|iPhoneSimulator.Deploy.0 = Debug|Any CPU
		{87B64163-4149-4180-8B4C-2079074CAAEC}.Debug|x64.ActiveCfg = Debug|Any CPU
		{87B64163-4149-4180-8B4C-2079074CAAEC}.Debug|x64.Build.0 = Debug|Any CPU
		{87B64163-4149-4180-8B4C-2079074CAAEC}.Debug|x64.Deploy.0 = Debug|Any CPU
		{87B64163-4149-4180-8B4C-2079074CAAEC}.Debug|x86.ActiveCfg = Debug|Any CPU
		{87B64163-4149-4180-8B4C-2079074CAAEC}.Debug|x86.Build.0 = Debug|Any CPU
		{87B64163-4149-4180-8B4C-2079074CAAEC}.Debug|x86.Deploy.0 = Debug|Any CPU
		{87B64163-4149-4180-8B4C-2079074CAAEC}.Release|Any CPU.ActiveCfg = Release|Any CPU
		{87B64163-4149-4180-8B4C-2079074CAAEC}.Release|Any CPU.Build.0 = Release|Any CPU
		{87B64163-4149-4180-8B4C-2079074CAAEC}.Release|Any CPU.Deploy.0 = Release|Any CPU
		{87B64163-4149-4180-8B4C-2079074CAAEC}.Release|ARM.ActiveCfg = Release|Any CPU
		{87B64163-4149-4180-8B4C-2079074CAAEC}.Release|ARM.Build.0 = Release|Any CPU
		{87B64163-4149-4180-8B4C-2079074CAAEC}.Release|ARM.Deploy.0 = Release|Any CPU
		{87B64163-4149-4180-8B4C-2079074CAAEC}.Release|iPhone.ActiveCfg = Release|Any CPU
		{87B64163-4149-4180-8B4C-2079074CAAEC}.Release|iPhone.Build.0 = Release|Any CPU
		{87B64163-4149-4180-8B4C-2079074CAAEC}.Release|iPhone.Deploy.0 = Release|Any CPU
		{87B64163-4149-4180-8B4C-2079074CAAEC}.Release|iPhoneSimulator.ActiveCfg = Release|Any CPU
		{87B64163-4149-4180-8B4C-2079074CAAEC}.Release|iPhoneSimulator.Build.0 = Release|Any CPU
		{87B64163-4149-4180-8B4C-2079074CAAEC}.Release|iPhoneSimulator.Deploy.0 = Release|Any CPU
		{87B64163-4149-4180-8B4C-2079074CAAEC}.Release|x64.ActiveCfg = Release|Any CPU
		{87B64163-4149-4180-8B4C-2079074CAAEC}.Release|x64.Build.0 = Release|Any CPU
		{87B64163-4149-4180-8B4C-2079074CAAEC}.Release|x64.Deploy.0 = Release|Any CPU
		{87B64163-4149-4180-8B4C-2079074CAAEC}.Release|x86.ActiveCfg = Release|Any CPU
		{87B64163-4149-4180-8B4C-2079074CAAEC}.Release|x86.Build.0 = Release|Any CPU
		{87B64163-4149-4180-8B4C-2079074CAAEC}.Release|x86.Deploy.0 = Release|Any CPU
		{959D3B56-CA77-4DB6-9DD6-D270BDDBC5B7}.Ad-Hoc|Any CPU.ActiveCfg = Ad-Hoc|iPhone
		{959D3B56-CA77-4DB6-9DD6-D270BDDBC5B7}.Ad-Hoc|ARM.ActiveCfg = Ad-Hoc|iPhone
		{959D3B56-CA77-4DB6-9DD6-D270BDDBC5B7}.Ad-Hoc|iPhone.ActiveCfg = Ad-Hoc|iPhone
		{959D3B56-CA77-4DB6-9DD6-D270BDDBC5B7}.Ad-Hoc|iPhone.Build.0 = Ad-Hoc|iPhone
		{959D3B56-CA77-4DB6-9DD6-D270BDDBC5B7}.Ad-Hoc|iPhoneSimulator.ActiveCfg = Ad-Hoc|iPhoneSimulator
		{959D3B56-CA77-4DB6-9DD6-D270BDDBC5B7}.Ad-Hoc|iPhoneSimulator.Build.0 = Ad-Hoc|iPhoneSimulator
		{959D3B56-CA77-4DB6-9DD6-D270BDDBC5B7}.Ad-Hoc|x64.ActiveCfg = Ad-Hoc|iPhone
		{959D3B56-CA77-4DB6-9DD6-D270BDDBC5B7}.Ad-Hoc|x86.ActiveCfg = Ad-Hoc|iPhone
		{959D3B56-CA77-4DB6-9DD6-D270BDDBC5B7}.AppStore|Any CPU.ActiveCfg = AppStore|iPhone
		{959D3B56-CA77-4DB6-9DD6-D270BDDBC5B7}.AppStore|ARM.ActiveCfg = AppStore|iPhone
		{959D3B56-CA77-4DB6-9DD6-D270BDDBC5B7}.AppStore|iPhone.ActiveCfg = AppStore|iPhone
		{959D3B56-CA77-4DB6-9DD6-D270BDDBC5B7}.AppStore|iPhone.Build.0 = AppStore|iPhone
		{959D3B56-CA77-4DB6-9DD6-D270BDDBC5B7}.AppStore|iPhoneSimulator.ActiveCfg = AppStore|iPhoneSimulator
		{959D3B56-CA77-4DB6-9DD6-D270BDDBC5B7}.AppStore|iPhoneSimulator.Build.0 = AppStore|iPhoneSimulator
		{959D3B56-CA77-4DB6-9DD6-D270BDDBC5B7}.AppStore|x64.ActiveCfg = AppStore|iPhone
		{959D3B56-CA77-4DB6-9DD6-D270BDDBC5B7}.AppStore|x86.ActiveCfg = AppStore|iPhone
		{959D3B56-CA77-4DB6-9DD6-D270BDDBC5B7}.Debug|Any CPU.ActiveCfg = Debug|iPhone
		{959D3B56-CA77-4DB6-9DD6-D270BDDBC5B7}.Debug|ARM.ActiveCfg = Debug|iPhone
		{959D3B56-CA77-4DB6-9DD6-D270BDDBC5B7}.Debug|iPhone.ActiveCfg = Debug|iPhone
		{959D3B56-CA77-4DB6-9DD6-D270BDDBC5B7}.Debug|iPhone.Build.0 = Debug|iPhone
		{959D3B56-CA77-4DB6-9DD6-D270BDDBC5B7}.Debug|iPhoneSimulator.ActiveCfg = Debug|iPhoneSimulator
		{959D3B56-CA77-4DB6-9DD6-D270BDDBC5B7}.Debug|iPhoneSimulator.Build.0 = Debug|iPhoneSimulator
		{959D3B56-CA77-4DB6-9DD6-D270BDDBC5B7}.Debug|x64.ActiveCfg = Debug|iPhone
		{959D3B56-CA77-4DB6-9DD6-D270BDDBC5B7}.Debug|x86.ActiveCfg = Debug|iPhone
		{959D3B56-CA77-4DB6-9DD6-D270BDDBC5B7}.Release|Any CPU.ActiveCfg = Release|iPhone
		{959D3B56-CA77-4DB6-9DD6-D270BDDBC5B7}.Release|ARM.ActiveCfg = Release|iPhone
		{959D3B56-CA77-4DB6-9DD6-D270BDDBC5B7}.Release|iPhone.ActiveCfg = Release|iPhone
		{959D3B56-CA77-4DB6-9DD6-D270BDDBC5B7}.Release|iPhone.Build.0 = Release|iPhone
		{959D3B56-CA77-4DB6-9DD6-D270BDDBC5B7}.Release|iPhoneSimulator.ActiveCfg = Release|iPhoneSimulator
		{959D3B56-CA77-4DB6-9DD6-D270BDDBC5B7}.Release|iPhoneSimulator.Build.0 = Release|iPhoneSimulator
		{959D3B56-CA77-4DB6-9DD6-D270BDDBC5B7}.Release|x64.ActiveCfg = Release|iPhone
		{959D3B56-CA77-4DB6-9DD6-D270BDDBC5B7}.Release|x86.ActiveCfg = Release|iPhone
		{7115F8AA-0D30-45D7-843C-EEF765BC77C1}.Ad-Hoc|Any CPU.ActiveCfg = Release|x86
		{7115F8AA-0D30-45D7-843C-EEF765BC77C1}.Ad-Hoc|Any CPU.Build.0 = Release|x86
		{7115F8AA-0D30-45D7-843C-EEF765BC77C1}.Ad-Hoc|Any CPU.Deploy.0 = Release|x86
		{7115F8AA-0D30-45D7-843C-EEF765BC77C1}.Ad-Hoc|ARM.ActiveCfg = Release|ARM
		{7115F8AA-0D30-45D7-843C-EEF765BC77C1}.Ad-Hoc|ARM.Build.0 = Release|ARM
		{7115F8AA-0D30-45D7-843C-EEF765BC77C1}.Ad-Hoc|ARM.Deploy.0 = Release|ARM
		{7115F8AA-0D30-45D7-843C-EEF765BC77C1}.Ad-Hoc|iPhone.ActiveCfg = Release|x86
		{7115F8AA-0D30-45D7-843C-EEF765BC77C1}.Ad-Hoc|iPhone.Build.0 = Release|x86
		{7115F8AA-0D30-45D7-843C-EEF765BC77C1}.Ad-Hoc|iPhone.Deploy.0 = Release|x86
		{7115F8AA-0D30-45D7-843C-EEF765BC77C1}.Ad-Hoc|iPhoneSimulator.ActiveCfg = Release|x86
		{7115F8AA-0D30-45D7-843C-EEF765BC77C1}.Ad-Hoc|iPhoneSimulator.Build.0 = Release|x86
		{7115F8AA-0D30-45D7-843C-EEF765BC77C1}.Ad-Hoc|iPhoneSimulator.Deploy.0 = Release|x86
		{7115F8AA-0D30-45D7-843C-EEF765BC77C1}.Ad-Hoc|x64.ActiveCfg = Release|x64
		{7115F8AA-0D30-45D7-843C-EEF765BC77C1}.Ad-Hoc|x64.Build.0 = Release|x64
		{7115F8AA-0D30-45D7-843C-EEF765BC77C1}.Ad-Hoc|x64.Deploy.0 = Release|x64
		{7115F8AA-0D30-45D7-843C-EEF765BC77C1}.Ad-Hoc|x86.ActiveCfg = Release|x86
		{7115F8AA-0D30-45D7-843C-EEF765BC77C1}.Ad-Hoc|x86.Build.0 = Release|x86
		{7115F8AA-0D30-45D7-843C-EEF765BC77C1}.Ad-Hoc|x86.Deploy.0 = Release|x86
		{7115F8AA-0D30-45D7-843C-EEF765BC77C1}.AppStore|Any CPU.ActiveCfg = Release|x86
		{7115F8AA-0D30-45D7-843C-EEF765BC77C1}.AppStore|Any CPU.Build.0 = Release|x86
		{7115F8AA-0D30-45D7-843C-EEF765BC77C1}.AppStore|Any CPU.Deploy.0 = Release|x86
		{7115F8AA-0D30-45D7-843C-EEF765BC77C1}.AppStore|ARM.ActiveCfg = Release|ARM
		{7115F8AA-0D30-45D7-843C-EEF765BC77C1}.AppStore|ARM.Build.0 = Release|ARM
		{7115F8AA-0D30-45D7-843C-EEF765BC77C1}.AppStore|ARM.Deploy.0 = Release|ARM
		{7115F8AA-0D30-45D7-843C-EEF765BC77C1}.AppStore|iPhone.ActiveCfg = Release|x86
		{7115F8AA-0D30-45D7-843C-EEF765BC77C1}.AppStore|iPhone.Build.0 = Release|x86
		{7115F8AA-0D30-45D7-843C-EEF765BC77C1}.AppStore|iPhone.Deploy.0 = Release|x86
		{7115F8AA-0D30-45D7-843C-EEF765BC77C1}.AppStore|iPhoneSimulator.ActiveCfg = Release|x86
		{7115F8AA-0D30-45D7-843C-EEF765BC77C1}.AppStore|iPhoneSimulator.Build.0 = Release|x86
		{7115F8AA-0D30-45D7-843C-EEF765BC77C1}.AppStore|iPhoneSimulator.Deploy.0 = Release|x86
		{7115F8AA-0D30-45D7-843C-EEF765BC77C1}.AppStore|x64.ActiveCfg = Release|x64
		{7115F8AA-0D30-45D7-843C-EEF765BC77C1}.AppStore|x64.Build.0 = Release|x64
		{7115F8AA-0D30-45D7-843C-EEF765BC77C1}.AppStore|x64.Deploy.0 = Release|x64
		{7115F8AA-0D30-45D7-843C-EEF765BC77C1}.AppStore|x86.ActiveCfg = Release|x86
		{7115F8AA-0D30-45D7-843C-EEF765BC77C1}.AppStore|x86.Build.0 = Release|x86
		{7115F8AA-0D30-45D7-843C-EEF765BC77C1}.AppStore|x86.Deploy.0 = Release|x86
		{7115F8AA-0D30-45D7-843C-EEF765BC77C1}.Debug|Any CPU.ActiveCfg = Debug|x86
		{7115F8AA-0D30-45D7-843C-EEF765BC77C1}.Debug|ARM.ActiveCfg = Debug|ARM
		{7115F8AA-0D30-45D7-843C-EEF765BC77C1}.Debug|ARM.Build.0 = Debug|ARM
		{7115F8AA-0D30-45D7-843C-EEF765BC77C1}.Debug|ARM.Deploy.0 = Debug|ARM
		{7115F8AA-0D30-45D7-843C-EEF765BC77C1}.Debug|iPhone.ActiveCfg = Debug|x86
		{7115F8AA-0D30-45D7-843C-EEF765BC77C1}.Debug|iPhoneSimulator.ActiveCfg = Debug|x86
		{7115F8AA-0D30-45D7-843C-EEF765BC77C1}.Debug|x64.ActiveCfg = Debug|x64
		{7115F8AA-0D30-45D7-843C-EEF765BC77C1}.Debug|x64.Build.0 = Debug|x64
		{7115F8AA-0D30-45D7-843C-EEF765BC77C1}.Debug|x64.Deploy.0 = Debug|x64
		{7115F8AA-0D30-45D7-843C-EEF765BC77C1}.Debug|x86.ActiveCfg = Debug|x86
		{7115F8AA-0D30-45D7-843C-EEF765BC77C1}.Debug|x86.Build.0 = Debug|x86
		{7115F8AA-0D30-45D7-843C-EEF765BC77C1}.Debug|x86.Deploy.0 = Debug|x86
		{7115F8AA-0D30-45D7-843C-EEF765BC77C1}.Release|Any CPU.ActiveCfg = Release|x86
		{7115F8AA-0D30-45D7-843C-EEF765BC77C1}.Release|ARM.ActiveCfg = Release|ARM
		{7115F8AA-0D30-45D7-843C-EEF765BC77C1}.Release|ARM.Build.0 = Release|ARM
		{7115F8AA-0D30-45D7-843C-EEF765BC77C1}.Release|ARM.Deploy.0 = Release|ARM
		{7115F8AA-0D30-45D7-843C-EEF765BC77C1}.Release|iPhone.ActiveCfg = Release|x86
		{7115F8AA-0D30-45D7-843C-EEF765BC77C1}.Release|iPhoneSimulator.ActiveCfg = Release|x86
		{7115F8AA-0D30-45D7-843C-EEF765BC77C1}.Release|x64.ActiveCfg = Release|x64
		{7115F8AA-0D30-45D7-843C-EEF765BC77C1}.Release|x64.Build.0 = Release|x64
		{7115F8AA-0D30-45D7-843C-EEF765BC77C1}.Release|x64.Deploy.0 = Release|x64
		{7115F8AA-0D30-45D7-843C-EEF765BC77C1}.Release|x86.ActiveCfg = Release|x86
		{7115F8AA-0D30-45D7-843C-EEF765BC77C1}.Release|x86.Build.0 = Release|x86
		{7115F8AA-0D30-45D7-843C-EEF765BC77C1}.Release|x86.Deploy.0 = Release|x86
		{B777A37C-D873-4BCD-8F78-F8BE8BFE2C9D}.Ad-Hoc|Any CPU.ActiveCfg = Debug|Any CPU
		{B777A37C-D873-4BCD-8F78-F8BE8BFE2C9D}.Ad-Hoc|Any CPU.Build.0 = Debug|Any CPU
		{B777A37C-D873-4BCD-8F78-F8BE8BFE2C9D}.Ad-Hoc|ARM.ActiveCfg = Debug|Any CPU
		{B777A37C-D873-4BCD-8F78-F8BE8BFE2C9D}.Ad-Hoc|ARM.Build.0 = Debug|Any CPU
		{B777A37C-D873-4BCD-8F78-F8BE8BFE2C9D}.Ad-Hoc|iPhone.ActiveCfg = Debug|Any CPU
		{B777A37C-D873-4BCD-8F78-F8BE8BFE2C9D}.Ad-Hoc|iPhone.Build.0 = Debug|Any CPU
		{B777A37C-D873-4BCD-8F78-F8BE8BFE2C9D}.Ad-Hoc|iPhoneSimulator.ActiveCfg = Debug|Any CPU
		{B777A37C-D873-4BCD-8F78-F8BE8BFE2C9D}.Ad-Hoc|iPhoneSimulator.Build.0 = Debug|Any CPU
		{B777A37C-D873-4BCD-8F78-F8BE8BFE2C9D}.Ad-Hoc|x64.ActiveCfg = Debug|Any CPU
		{B777A37C-D873-4BCD-8F78-F8BE8BFE2C9D}.Ad-Hoc|x64.Build.0 = Debug|Any CPU
		{B777A37C-D873-4BCD-8F78-F8BE8BFE2C9D}.Ad-Hoc|x86.ActiveCfg = Debug|Any CPU
		{B777A37C-D873-4BCD-8F78-F8BE8BFE2C9D}.Ad-Hoc|x86.Build.0 = Debug|Any CPU
		{B777A37C-D873-4BCD-8F78-F8BE8BFE2C9D}.AppStore|Any CPU.ActiveCfg = Debug|Any CPU
		{B777A37C-D873-4BCD-8F78-F8BE8BFE2C9D}.AppStore|Any CPU.Build.0 = Debug|Any CPU
		{B777A37C-D873-4BCD-8F78-F8BE8BFE2C9D}.AppStore|ARM.ActiveCfg = Debug|Any CPU
		{B777A37C-D873-4BCD-8F78-F8BE8BFE2C9D}.AppStore|ARM.Build.0 = Debug|Any CPU
		{B777A37C-D873-4BCD-8F78-F8BE8BFE2C9D}.AppStore|iPhone.ActiveCfg = Debug|Any CPU
		{B777A37C-D873-4BCD-8F78-F8BE8BFE2C9D}.AppStore|iPhone.Build.0 = Debug|Any CPU
		{B777A37C-D873-4BCD-8F78-F8BE8BFE2C9D}.AppStore|iPhoneSimulator.ActiveCfg = Debug|Any CPU
		{B777A37C-D873-4BCD-8F78-F8BE8BFE2C9D}.AppStore|iPhoneSimulator.Build.0 = Debug|Any CPU
		{B777A37C-D873-4BCD-8F78-F8BE8BFE2C9D}.AppStore|x64.ActiveCfg = Debug|Any CPU
		{B777A37C-D873-4BCD-8F78-F8BE8BFE2C9D}.AppStore|x64.Build.0 = Debug|Any CPU
		{B777A37C-D873-4BCD-8F78-F8BE8BFE2C9D}.AppStore|x86.ActiveCfg = Debug|Any CPU
		{B777A37C-D873-4BCD-8F78-F8BE8BFE2C9D}.AppStore|x86.Build.0 = Debug|Any CPU
		{B777A37C-D873-4BCD-8F78-F8BE8BFE2C9D}.Debug|Any CPU.ActiveCfg = Debug|Any CPU
		{B777A37C-D873-4BCD-8F78-F8BE8BFE2C9D}.Debug|Any CPU.Build.0 = Debug|Any CPU
		{B777A37C-D873-4BCD-8F78-F8BE8BFE2C9D}.Debug|ARM.ActiveCfg = Debug|Any CPU
		{B777A37C-D873-4BCD-8F78-F8BE8BFE2C9D}.Debug|ARM.Build.0 = Debug|Any CPU
		{B777A37C-D873-4BCD-8F78-F8BE8BFE2C9D}.Debug|iPhone.ActiveCfg = Debug|Any CPU
		{B777A37C-D873-4BCD-8F78-F8BE8BFE2C9D}.Debug|iPhone.Build.0 = Debug|Any CPU
		{B777A37C-D873-4BCD-8F78-F8BE8BFE2C9D}.Debug|iPhoneSimulator.ActiveCfg = Debug|Any CPU
		{B777A37C-D873-4BCD-8F78-F8BE8BFE2C9D}.Debug|iPhoneSimulator.Build.0 = Debug|Any CPU
		{B777A37C-D873-4BCD-8F78-F8BE8BFE2C9D}.Debug|x64.ActiveCfg = Debug|Any CPU
		{B777A37C-D873-4BCD-8F78-F8BE8BFE2C9D}.Debug|x64.Build.0 = Debug|Any CPU
		{B777A37C-D873-4BCD-8F78-F8BE8BFE2C9D}.Debug|x86.ActiveCfg = Debug|Any CPU
		{B777A37C-D873-4BCD-8F78-F8BE8BFE2C9D}.Debug|x86.Build.0 = Debug|Any CPU
		{B777A37C-D873-4BCD-8F78-F8BE8BFE2C9D}.Release|Any CPU.ActiveCfg = Release|Any CPU
		{B777A37C-D873-4BCD-8F78-F8BE8BFE2C9D}.Release|Any CPU.Build.0 = Release|Any CPU
		{B777A37C-D873-4BCD-8F78-F8BE8BFE2C9D}.Release|ARM.ActiveCfg = Release|Any CPU
		{B777A37C-D873-4BCD-8F78-F8BE8BFE2C9D}.Release|ARM.Build.0 = Release|Any CPU
		{B777A37C-D873-4BCD-8F78-F8BE8BFE2C9D}.Release|iPhone.ActiveCfg = Release|Any CPU
		{B777A37C-D873-4BCD-8F78-F8BE8BFE2C9D}.Release|iPhone.Build.0 = Release|Any CPU
		{B777A37C-D873-4BCD-8F78-F8BE8BFE2C9D}.Release|iPhoneSimulator.ActiveCfg = Release|Any CPU
		{B777A37C-D873-4BCD-8F78-F8BE8BFE2C9D}.Release|iPhoneSimulator.Build.0 = Release|Any CPU
		{B777A37C-D873-4BCD-8F78-F8BE8BFE2C9D}.Release|x64.ActiveCfg = Release|Any CPU
		{B777A37C-D873-4BCD-8F78-F8BE8BFE2C9D}.Release|x64.Build.0 = Release|Any CPU
		{B777A37C-D873-4BCD-8F78-F8BE8BFE2C9D}.Release|x86.ActiveCfg = Release|Any CPU
		{B777A37C-D873-4BCD-8F78-F8BE8BFE2C9D}.Release|x86.Build.0 = Release|Any CPU
	EndGlobalSection
	GlobalSection(SolutionProperties) = preSolution
		HideSolutionNode = FALSE
	EndGlobalSection
	GlobalSection(ExtensibilityGlobals) = postSolution
		SolutionGuid = {EE7FAAD8-B3F9-4082-A22F-5E856D4824F1}
	EndGlobalSection
EndGlobal
